{
  "name": "inquirer-select-with-banner",
  "lockfileVersion": 3,
  "requires": true,
  "packages": {
    "": {
      "name": "inquirer-select-with-banner",
      "dependencies": {
        "@inquirer/core": "^10.1.13",
        "@inquirer/figures": "^1.0.12",
        "ansi-escapes": "^7.0.0",
        "yoctocolors": "^2.1.1"
      },
      "devDependencies": {
        "@types/bun": "latest",
        "biome": "^0.3.3",
        "husky": "^9.1.7",
        "lint-staged": "^16.1.0"
      },
      "peerDependencies": {
        "typescript": "^5.0.0"
      }
    },
    "node_modules/@inquirer/core": {
      "version": "10.1.13",
      "license": "MIT",
      "dependencies": {
        "@inquirer/figures": "^1.0.12",
        "@inquirer/type": "^3.0.7",
        "ansi-escapes": "^4.3.2",
        "cli-width": "^4.1.0",
        "mute-stream": "^2.0.0",
        "signal-exit": "^4.1.0",
        "wrap-ansi": "^6.2.0",
        "yoctocolors-cjs": "^2.1.2"
      },
      "engines": {
        "node": ">=18"
      },
      "peerDependencies": {
        "@types/node": ">=18"
      },
      "peerDependenciesMeta": {
        "@types/node": {
          "optional": true
        }
      }
    },
    "node_modules/@inquirer/core/node_modules/ansi-escapes": {
      "version": "4.3.2",
      "license": "MIT",
      "dependencies": {
        "type-fest": "^0.21.3"
      },
      "engines": {
        "node": ">=8"
      },
      "funding": {
        "url": "https://github.com/sponsors/sindresorhus"
      }
    },
    "node_modules/@inquirer/figures": {
      "version": "1.0.12",
      "license": "MIT",
      "engines": {
        "node": ">=18"
      }
    },
    "node_modules/@inquirer/type": {
      "version": "3.0.7",
      "license": "MIT",
      "engines": {
        "node": ">=18"
      },
      "peerDependencies": {
        "@types/node": ">=18"
      },
      "peerDependenciesMeta": {
        "@types/node": {
          "optional": true
        }
      }
    },
    "node_modules/@types/bun": {
      "version": "1.2.15",
      "resolved": "https://registry.npmjs.org/@types/bun/-/bun-1.2.15.tgz",
      "integrity": "sha512-U1ljPdBEphF0nw1MIk0hI7kPg7dFdPyM7EenHsp6W5loNHl7zqy6JQf/RKCgnUn2KDzUpkBwHPnEJEjII594bA==",
      "dev": true,
      "license": "MIT",
      "dependencies": {
        "bun-types": "1.2.15"
      }
    },
    "node_modules/@types/node": {
      "version": "22.15.30",
      "devOptional": true,
      "license": "MIT",
      "dependencies": {
        "undici-types": "~6.21.0"
      }
    },
    "node_modules/ajv": {
      "version": "6.12.6",
      "dev": true,
      "license": "MIT",
      "dependencies": {
        "fast-deep-equal": "^3.1.1",
        "fast-json-stable-stringify": "^2.0.0",
        "json-schema-traverse": "^0.4.1",
        "uri-js": "^4.2.2"
      },
      "funding": {
        "type": "github",
        "url": "https://github.com/sponsors/epoberezkin"
      }
    },
    "node_modules/ansi-escapes": {
      "version": "7.0.0",
      "license": "MIT",
      "dependencies": {
        "environment": "^1.0.0"
      },
      "engines": {
        "node": ">=18"
      },
      "funding": {
        "url": "https://github.com/sponsors/sindresorhus"
      }
    },
    "node_modules/ansi-regex": {
      "version": "2.1.1",
      "dev": true,
      "license": "MIT",
      "engines": {
        "node": ">=0.10.0"
      }
    },
    "node_modules/ansi-styles": {
      "version": "2.2.1",
      "dev": true,
      "license": "MIT",
      "engines": {
        "node": ">=0.10.0"
      }
    },
    "node_modules/any-promise": {
      "version": "1.3.0",
      "dev": true,
      "license": "MIT"
    },
    "node_modules/asn1": {
      "version": "0.2.6",
      "dev": true,
      "license": "MIT",
      "dependencies": {
        "safer-buffer": "~2.1.0"
      }
    },
    "node_modules/assert-plus": {
      "version": "1.0.0",
      "dev": true,
      "license": "MIT",
      "engines": {
        "node": ">=0.8"
      }
    },
    "node_modules/asynckit": {
      "version": "0.4.0",
      "dev": true,
      "license": "MIT"
    },
    "node_modules/aws-sign2": {
      "version": "0.7.0",
      "dev": true,
      "license": "Apache-2.0",
      "engines": {
        "node": "*"
      }
    },
    "node_modules/aws4": {
      "version": "1.13.2",
      "dev": true,
      "license": "MIT"
    },
    "node_modules/balanced-match": {
      "version": "1.0.2",
      "dev": true,
      "license": "MIT"
    },
    "node_modules/bcrypt-pbkdf": {
      "version": "1.0.2",
      "dev": true,
      "license": "BSD-3-Clause",
      "dependencies": {
        "tweetnacl": "^0.14.3"
      }
    },
    "node_modules/biome": {
      "version": "0.3.3",
      "dev": true,
      "license": "ISC",
      "dependencies": {
        "bluebird": "^3.4.1",
        "chalk": "^1.1.3",
        "commander": "^2.9.0",
        "editor": "^1.0.0",
        "fs-promise": "^0.5.0",
        "inquirer-promise": "0.0.3",
        "request-promise": "^3.0.0",
        "untildify": "^3.0.2",
        "user-home": "^2.0.0"
      },
      "bin": {
        "biome": "dist/index.js"
      }
    },
    "node_modules/bluebird": {
      "version": "3.7.2",
      "dev": true,
      "license": "MIT"
    },
    "node_modules/brace-expansion": {
      "version": "1.1.11",
      "dev": true,
      "license": "MIT",
      "dependencies": {
        "balanced-match": "^1.0.0",
        "concat-map": "0.0.1"
      }
    },
    "node_modules/braces": {
      "version": "3.0.3",
      "dev": true,
      "license": "MIT",
      "dependencies": {
        "fill-range": "^7.1.1"
      },
      "engines": {
        "node": ">=8"
      }
    },
    "node_modules/bun-types": {
      "version": "1.2.15",
      "dev": true,
      "license": "MIT",
      "dependencies": {
        "@types/node": "*"
      }
    },
    "node_modules/caseless": {
      "version": "0.12.0",
      "dev": true,
      "license": "Apache-2.0"
    },
    "node_modules/chalk": {
      "version": "1.1.3",
      "dev": true,
      "license": "MIT",
      "dependencies": {
        "ansi-styles": "^2.2.1",
        "escape-string-regexp": "^1.0.2",
        "has-ansi": "^2.0.0",
        "strip-ansi": "^3.0.0",
        "supports-color": "^2.0.0"
      },
      "engines": {
        "node": ">=0.10.0"
      }
    },
    "node_modules/cli-cursor": {
      "version": "1.0.2",
      "dev": true,
      "license": "MIT",
      "dependencies": {
        "restore-cursor": "^1.0.1"
      },
      "engines": {
        "node": ">=0.10.0"
      }
    },
    "node_modules/cli-truncate": {
      "version": "4.0.0",
      "dev": true,
      "license": "MIT",
      "dependencies": {
        "slice-ansi": "^5.0.0",
        "string-width": "^7.0.0"
      },
      "engines": {
        "node": ">=18"
      },
      "funding": {
        "url": "https://github.com/sponsors/sindresorhus"
      }
    },
    "node_modules/cli-truncate/node_modules/string-width": {
      "version": "7.2.0",
      "dev": true,
      "license": "MIT",
      "dependencies": {
        "emoji-regex": "^10.3.0",
        "get-east-asian-width": "^1.0.0",
        "strip-ansi": "^7.1.0"
      },
      "engines": {
        "node": ">=18"
      },
      "funding": {
        "url": "https://github.com/sponsors/sindresorhus"
      }
    },
    "node_modules/cli-truncate/node_modules/string-width/node_modules/emoji-regex": {
      "version": "10.4.0",
      "dev": true,
      "license": "MIT"
    },
    "node_modules/cli-truncate/node_modules/string-width/node_modules/strip-ansi": {
      "version": "7.1.0",
      "dev": true,
      "license": "MIT",
      "dependencies": {
        "ansi-regex": "^6.0.1"
      },
      "engines": {
        "node": ">=12"
      },
      "funding": {
        "url": "https://github.com/chalk/strip-ansi?sponsor=1"
      }
    },
    "node_modules/cli-truncate/node_modules/string-width/node_modules/strip-ansi/node_modules/ansi-regex": {
      "version": "6.1.0",
      "dev": true,
      "license": "MIT",
      "engines": {
        "node": ">=12"
      },
      "funding": {
        "url": "https://github.com/chalk/ansi-regex?sponsor=1"
      }
    },
    "node_modules/cli-width": {
      "version": "4.1.0",
      "license": "ISC",
      "engines": {
        "node": ">= 12"
      }
    },
    "node_modules/code-point-at": {
      "version": "1.1.0",
      "dev": true,
      "license": "MIT",
      "engines": {
        "node": ">=0.10.0"
      }
    },
    "node_modules/color-convert": {
      "version": "2.0.1",
      "license": "MIT",
      "dependencies": {
        "color-name": "~1.1.4"
      },
      "engines": {
        "node": ">=7.0.0"
      }
    },
    "node_modules/color-name": {
      "version": "1.1.4",
      "license": "MIT"
    },
    "node_modules/colorette": {
      "version": "2.0.20",
      "dev": true,
      "license": "MIT"
    },
    "node_modules/combined-stream": {
      "version": "1.0.8",
      "dev": true,
      "license": "MIT",
      "dependencies": {
        "delayed-stream": "~1.0.0"
      },
      "engines": {
        "node": ">= 0.8"
      }
    },
    "node_modules/commander": {
      "version": "2.20.3",
      "dev": true,
      "license": "MIT"
    },
    "node_modules/concat-map": {
      "version": "0.0.1",
      "dev": true,
      "license": "MIT"
    },
    "node_modules/core-js": {
      "version": "2.6.12",
      "dev": true,
      "hasInstallScript": true,
      "license": "MIT"
    },
    "node_modules/core-util-is": {
      "version": "1.0.2",
      "dev": true,
      "license": "MIT"
    },
    "node_modules/dashdash": {
      "version": "1.14.1",
      "dev": true,
      "license": "MIT",
      "dependencies": {
        "assert-plus": "^1.0.0"
      },
      "engines": {
        "node": ">=0.10"
      }
    },
    "node_modules/debug": {
      "version": "4.4.1",
      "dev": true,
      "license": "MIT",
      "dependencies": {
        "ms": "^2.1.3"
      },
      "engines": {
        "node": ">=6.0"
      },
      "peerDependenciesMeta": {
        "supports-color": {
          "optional": true
        }
      }
    },
    "node_modules/delayed-stream": {
      "version": "1.0.0",
      "dev": true,
      "license": "MIT",
      "engines": {
        "node": ">=0.4.0"
      }
    },
    "node_modules/earlgrey-runtime": {
      "version": "0.1.2",
      "dev": true,
      "license": "MIT",
      "dependencies": {
        "core-js": "^2.4.0",
        "kaiser": ">=0.0.4",
        "lodash": "^4.17.2",
        "regenerator-runtime": "^0.9.5"
      }
    },
    "node_modules/ecc-jsbn": {
      "version": "0.1.2",
      "dev": true,
      "license": "MIT",
      "dependencies": {
        "jsbn": "~0.1.0",
        "safer-buffer": "^2.1.0"
      }
    },
    "node_modules/editor": {
      "version": "1.0.0",
      "dev": true,
      "license": "MIT"
    },
    "node_modules/emoji-regex": {
      "version": "8.0.0",
      "license": "MIT"
    },
    "node_modules/environment": {
      "version": "1.1.0",
      "license": "MIT",
      "engines": {
        "node": ">=18"
      },
      "funding": {
        "url": "https://github.com/sponsors/sindresorhus"
      }
    },
    "node_modules/escape-string-regexp": {
      "version": "1.0.5",
      "dev": true,
      "license": "MIT",
      "engines": {
        "node": ">=0.8.0"
      }
    },
    "node_modules/eventemitter3": {
      "version": "5.0.1",
      "dev": true,
      "license": "MIT"
    },
    "node_modules/exit-hook": {
      "version": "1.1.1",
      "dev": true,
      "license": "MIT",
      "engines": {
        "node": ">=0.10.0"
      }
    },
    "node_modules/extend": {
      "version": "3.0.2",
      "dev": true,
      "license": "MIT"
    },
    "node_modules/extsprintf": {
      "version": "1.3.0",
      "dev": true,
      "engines": [
        "node >=0.6.0"
      ],
      "license": "MIT"
    },
    "node_modules/fast-deep-equal": {
      "version": "3.1.3",
      "dev": true,
      "license": "MIT"
    },
    "node_modules/fast-json-stable-stringify": {
      "version": "2.1.0",
      "dev": true,
      "license": "MIT"
    },
    "node_modules/figures": {
      "version": "1.7.0",
      "dev": true,
      "license": "MIT",
      "dependencies": {
        "escape-string-regexp": "^1.0.5",
        "object-assign": "^4.1.0"
      },
      "engines": {
        "node": ">=0.10.0"
      }
    },
    "node_modules/fill-range": {
      "version": "7.1.1",
      "dev": true,
      "license": "MIT",
      "dependencies": {
        "to-regex-range": "^5.0.1"
      },
      "engines": {
        "node": ">=8"
      }
    },
    "node_modules/forever-agent": {
      "version": "0.6.1",
      "dev": true,
      "license": "Apache-2.0",
      "engines": {
        "node": "*"
      }
    },
    "node_modules/form-data": {
      "version": "2.3.3",
      "dev": true,
      "license": "MIT",
      "dependencies": {
        "asynckit": "^0.4.0",
        "combined-stream": "^1.0.6",
        "mime-types": "^2.1.12"
      },
      "engines": {
        "node": ">= 0.12"
      }
    },
    "node_modules/fs-extra": {
      "version": "0.26.7",
      "dev": true,
      "license": "MIT",
      "dependencies": {
        "graceful-fs": "^4.1.2",
        "jsonfile": "^2.1.0",
        "klaw": "^1.0.0",
        "path-is-absolute": "^1.0.0",
        "rimraf": "^2.2.8"
      }
    },
    "node_modules/fs-promise": {
      "version": "0.5.0",
      "dev": true,
      "license": "MIT",
      "dependencies": {
        "any-promise": "^1.0.0",
        "fs-extra": "^0.26.5",
        "mz": "^2.3.1",
        "thenify-all": "^1.6.0"
      }
    },
    "node_modules/fs.realpath": {
      "version": "1.0.0",
      "dev": true,
      "license": "ISC"
    },
    "node_modules/get-east-asian-width": {
      "version": "1.3.0",
      "dev": true,
      "license": "MIT",
      "engines": {
        "node": ">=18"
      },
      "funding": {
        "url": "https://github.com/sponsors/sindresorhus"
      }
    },
    "node_modules/getpass": {
      "version": "0.1.7",
      "dev": true,
      "license": "MIT",
      "dependencies": {
        "assert-plus": "^1.0.0"
      }
    },
    "node_modules/glob": {
      "version": "7.2.3",
      "dev": true,
      "license": "ISC",
      "dependencies": {
        "fs.realpath": "^1.0.0",
        "inflight": "^1.0.4",
        "inherits": "2",
        "minimatch": "^3.1.1",
        "once": "^1.3.0",
        "path-is-absolute": "^1.0.0"
      },
      "engines": {
        "node": "*"
      },
      "funding": {
        "url": "https://github.com/sponsors/isaacs"
      }
    },
    "node_modules/graceful-fs": {
      "version": "4.2.11",
      "dev": true,
      "license": "ISC"
    },
    "node_modules/har-schema": {
      "version": "2.0.0",
      "dev": true,
      "license": "ISC",
      "engines": {
        "node": ">=4"
      }
    },
    "node_modules/har-validator": {
      "version": "5.1.5",
      "dev": true,
      "license": "MIT",
      "dependencies": {
        "ajv": "^6.12.3",
        "har-schema": "^2.0.0"
      },
      "engines": {
        "node": ">=6"
      }
    },
    "node_modules/has-ansi": {
      "version": "2.0.0",
      "dev": true,
      "license": "MIT",
      "dependencies": {
        "ansi-regex": "^2.0.0"
      },
      "engines": {
        "node": ">=0.10.0"
      }
    },
    "node_modules/http-signature": {
      "version": "1.2.0",
      "dev": true,
      "license": "MIT",
      "dependencies": {
        "assert-plus": "^1.0.0",
        "jsprim": "^1.2.2",
        "sshpk": "^1.7.0"
      },
      "engines": {
        "node": ">=0.8",
        "npm": ">=1.3.7"
      }
    },
    "node_modules/husky": {
      "version": "9.1.7",
      "dev": true,
      "license": "MIT",
      "bin": {
        "husky": "bin.js"
      },
      "engines": {
        "node": ">=18"
      },
      "funding": {
        "url": "https://github.com/sponsors/typicode"
      }
    },
    "node_modules/inflight": {
      "version": "1.0.6",
      "dev": true,
      "license": "ISC",
      "dependencies": {
        "once": "^1.3.0",
        "wrappy": "1"
      }
    },
    "node_modules/inherits": {
      "version": "2.0.4",
      "dev": true,
      "license": "ISC"
    },
    "node_modules/inquirer": {
      "version": "0.11.4",
      "dev": true,
      "license": "MIT",
      "dependencies": {
        "ansi-escapes": "^1.1.0",
        "ansi-regex": "^2.0.0",
        "chalk": "^1.0.0",
        "cli-cursor": "^1.0.1",
        "cli-width": "^1.0.1",
        "figures": "^1.3.5",
        "lodash": "^3.3.1",
        "readline2": "^1.0.1",
        "run-async": "^0.1.0",
        "rx-lite": "^3.1.2",
        "string-width": "^1.0.1",
        "strip-ansi": "^3.0.0",
        "through": "^2.3.6"
      }
    },
    "node_modules/inquirer-promise": {
      "version": "0.0.3",
      "dev": true,
      "license": "MIT",
      "dependencies": {
        "earlgrey-runtime": ">=0.0.11",
        "inquirer": "^0.11.3"
      }
    },
    "node_modules/inquirer/node_modules/ansi-escapes": {
      "version": "1.4.0",
      "dev": true,
      "license": "MIT",
      "engines": {
        "node": ">=0.10.0"
      }
    },
    "node_modules/inquirer/node_modules/cli-width": {
      "version": "1.1.1",
      "dev": true,
      "license": "ISC"
    },
    "node_modules/inquirer/node_modules/lodash": {
      "version": "3.10.1",
      "dev": true,
      "license": "MIT"
    },
    "node_modules/inquirer/node_modules/string-width": {
      "version": "1.0.2",
      "dev": true,
      "license": "MIT",
      "dependencies": {
        "code-point-at": "^1.0.0",
        "is-fullwidth-code-point": "^1.0.0",
        "strip-ansi": "^3.0.0"
      },
      "engines": {
        "node": ">=0.10.0"
      }
    },
    "node_modules/inquirer/node_modules/string-width/node_modules/is-fullwidth-code-point": {
      "version": "1.0.0",
      "dev": true,
      "license": "MIT",
      "dependencies": {
        "number-is-nan": "^1.0.0"
      },
      "engines": {
        "node": ">=0.10.0"
      }
    },
    "node_modules/is-fullwidth-code-point": {
      "version": "3.0.0",
      "license": "MIT",
      "engines": {
        "node": ">=8"
      }
    },
    "node_modules/is-number": {
      "version": "7.0.0",
      "dev": true,
      "license": "MIT",
      "engines": {
        "node": ">=0.12.0"
      }
    },
    "node_modules/is-typedarray": {
      "version": "1.0.0",
      "dev": true,
      "license": "MIT"
    },
    "node_modules/isstream": {
      "version": "0.1.2",
      "dev": true,
      "license": "MIT"
    },
    "node_modules/jsbn": {
      "version": "0.1.1",
      "dev": true,
      "license": "MIT"
    },
    "node_modules/json-schema": {
      "version": "0.4.0",
      "dev": true,
      "license": "(AFL-2.1 OR BSD-3-Clause)"
    },
    "node_modules/json-schema-traverse": {
      "version": "0.4.1",
      "dev": true,
      "license": "MIT"
    },
    "node_modules/json-stringify-safe": {
      "version": "5.0.1",
      "dev": true,
      "license": "ISC"
    },
    "node_modules/jsonfile": {
      "version": "2.4.0",
      "dev": true,
      "license": "MIT",
      "optionalDependencies": {
        "graceful-fs": "^4.1.6"
      }
    },
    "node_modules/jsprim": {
      "version": "1.4.2",
      "dev": true,
      "license": "MIT",
      "dependencies": {
        "assert-plus": "1.0.0",
        "extsprintf": "1.3.0",
        "json-schema": "0.4.0",
        "verror": "1.10.0"
      },
      "engines": {
        "node": ">=0.6.0"
      }
    },
    "node_modules/kaiser": {
      "version": "0.0.4",
      "dev": true,
      "license": "MIT",
      "dependencies": {
        "earlgrey-runtime": ">=0.0.10"
      }
    },
    "node_modules/klaw": {
      "version": "1.3.1",
      "dev": true,
      "license": "MIT",
      "optionalDependencies": {
        "graceful-fs": "^4.1.9"
      }
    },
    "node_modules/lilconfig": {
      "version": "3.1.3",
      "dev": true,
      "license": "MIT",
      "engines": {
        "node": ">=14"
      },
      "funding": {
        "url": "https://github.com/sponsors/antonk52"
      }
    },
    "node_modules/lint-staged": {
      "version": "16.1.0",
      "dev": true,
      "license": "MIT",
      "dependencies": {
        "chalk": "^5.4.1",
        "commander": "^14.0.0",
        "debug": "^4.4.1",
        "lilconfig": "^3.1.3",
        "listr2": "^8.3.3",
        "micromatch": "^4.0.8",
        "nano-spawn": "^1.0.2",
        "pidtree": "^0.6.0",
        "string-argv": "^0.3.2",
        "yaml": "^2.8.0"
      },
      "bin": {
        "lint-staged": "bin/lint-staged.js"
      },
      "engines": {
        "node": ">=20.17"
      },
      "funding": {
        "url": "https://opencollective.com/lint-staged"
      }
    },
    "node_modules/lint-staged/node_modules/chalk": {
      "version": "5.4.1",
      "dev": true,
      "license": "MIT",
      "engines": {
        "node": "^12.17.0 || ^14.13 || >=16.0.0"
      },
      "funding": {
        "url": "https://github.com/chalk/chalk?sponsor=1"
      }
    },
    "node_modules/lint-staged/node_modules/commander": {
      "version": "14.0.0",
      "dev": true,
      "license": "MIT",
      "engines": {
        "node": ">=20"
      }
    },
    "node_modules/listr2": {
      "version": "8.3.3",
      "dev": true,
      "license": "MIT",
      "dependencies": {
        "cli-truncate": "^4.0.0",
        "colorette": "^2.0.20",
        "eventemitter3": "^5.0.1",
        "log-update": "^6.1.0",
        "rfdc": "^1.4.1",
        "wrap-ansi": "^9.0.0"
      },
      "engines": {
        "node": ">=18.0.0"
      }
    },
    "node_modules/listr2/node_modules/wrap-ansi": {
      "version": "9.0.0",
      "dev": true,
      "license": "MIT",
      "dependencies": {
        "ansi-styles": "^6.2.1",
        "string-width": "^7.0.0",
        "strip-ansi": "^7.1.0"
      },
      "engines": {
        "node": ">=18"
      },
      "funding": {
        "url": "https://github.com/chalk/wrap-ansi?sponsor=1"
      }
    },
    "node_modules/listr2/node_modules/wrap-ansi/node_modules/ansi-styles": {
      "version": "6.2.1",
      "dev": true,
      "license": "MIT",
      "engines": {
        "node": ">=12"
      },
      "funding": {
        "url": "https://github.com/chalk/ansi-styles?sponsor=1"
      }
    },
    "node_modules/listr2/node_modules/wrap-ansi/node_modules/string-width": {
      "version": "7.2.0",
      "dev": true,
      "license": "MIT",
      "dependencies": {
        "emoji-regex": "^10.3.0",
        "get-east-asian-width": "^1.0.0",
        "strip-ansi": "^7.1.0"
      },
      "engines": {
        "node": ">=18"
      },
      "funding": {
        "url": "https://github.com/sponsors/sindresorhus"
      }
    },
    "node_modules/listr2/node_modules/wrap-ansi/node_modules/string-width/node_modules/emoji-regex": {
      "version": "10.4.0",
      "dev": true,
      "license": "MIT"
    },
    "node_modules/listr2/node_modules/wrap-ansi/node_modules/strip-ansi": {
      "version": "7.1.0",
      "dev": true,
      "license": "MIT",
      "dependencies": {
        "ansi-regex": "^6.0.1"
      },
      "engines": {
        "node": ">=12"
      },
      "funding": {
        "url": "https://github.com/chalk/strip-ansi?sponsor=1"
      }
    },
    "node_modules/listr2/node_modules/wrap-ansi/node_modules/strip-ansi/node_modules/ansi-regex": {
      "version": "6.1.0",
      "dev": true,
      "license": "MIT",
      "engines": {
        "node": ">=12"
      },
      "funding": {
        "url": "https://github.com/chalk/ansi-regex?sponsor=1"
      }
    },
    "node_modules/lodash": {
      "version": "4.17.21",
      "dev": true,
      "license": "MIT"
    },
    "node_modules/log-update": {
      "version": "6.1.0",
      "dev": true,
      "license": "MIT",
      "dependencies": {
        "ansi-escapes": "^7.0.0",
        "cli-cursor": "^5.0.0",
        "slice-ansi": "^7.1.0",
        "strip-ansi": "^7.1.0",
        "wrap-ansi": "^9.0.0"
      },
      "engines": {
        "node": ">=18"
      },
      "funding": {
        "url": "https://github.com/sponsors/sindresorhus"
      }
    },
    "node_modules/log-update/node_modules/ansi-escapes": {
      "version": "7.0.0",
      "dev": true,
      "license": "MIT",
      "dependencies": {
        "environment": "^1.0.0"
      },
      "engines": {
        "node": ">=18"
      },
      "funding": {
        "url": "https://github.com/sponsors/sindresorhus"
      }
    },
    "node_modules/log-update/node_modules/cli-cursor": {
      "version": "5.0.0",
      "dev": true,
      "license": "MIT",
      "dependencies": {
        "restore-cursor": "^5.0.0"
      },
      "engines": {
        "node": ">=18"
      },
      "funding": {
        "url": "https://github.com/sponsors/sindresorhus"
      }
    },
    "node_modules/log-update/node_modules/cli-cursor/node_modules/restore-cursor": {
      "version": "5.1.0",
      "dev": true,
      "license": "MIT",
      "dependencies": {
        "onetime": "^7.0.0",
        "signal-exit": "^4.1.0"
      },
      "engines": {
        "node": ">=18"
      },
      "funding": {
        "url": "https://github.com/sponsors/sindresorhus"
      }
    },
    "node_modules/log-update/node_modules/cli-cursor/node_modules/restore-cursor/node_modules/onetime": {
      "version": "7.0.0",
      "dev": true,
      "license": "MIT",
      "dependencies": {
        "mimic-function": "^5.0.0"
      },
      "engines": {
        "node": ">=18"
      },
      "funding": {
        "url": "https://github.com/sponsors/sindresorhus"
      }
    },
    "node_modules/log-update/node_modules/slice-ansi": {
      "version": "7.1.0",
      "dev": true,
      "license": "MIT",
      "dependencies": {
        "ansi-styles": "^6.2.1",
        "is-fullwidth-code-point": "^5.0.0"
      },
      "engines": {
        "node": ">=18"
      },
      "funding": {
        "url": "https://github.com/chalk/slice-ansi?sponsor=1"
      }
    },
    "node_modules/log-update/node_modules/slice-ansi/node_modules/ansi-styles": {
      "version": "6.2.1",
      "dev": true,
      "license": "MIT",
      "engines": {
        "node": ">=12"
      },
      "funding": {
        "url": "https://github.com/chalk/ansi-styles?sponsor=1"
      }
    },
    "node_modules/log-update/node_modules/slice-ansi/node_modules/is-fullwidth-code-point": {
      "version": "5.0.0",
      "dev": true,
      "license": "MIT",
      "dependencies": {
        "get-east-asian-width": "^1.0.0"
      },
      "engines": {
        "node": ">=18"
      },
      "funding": {
        "url": "https://github.com/sponsors/sindresorhus"
      }
    },
    "node_modules/log-update/node_modules/strip-ansi": {
      "version": "7.1.0",
      "dev": true,
      "license": "MIT",
      "dependencies": {
        "ansi-regex": "^6.0.1"
      },
      "engines": {
        "node": ">=12"
      },
      "funding": {
        "url": "https://github.com/chalk/strip-ansi?sponsor=1"
      }
    },
    "node_modules/log-update/node_modules/strip-ansi/node_modules/ansi-regex": {
      "version": "6.1.0",
      "dev": true,
      "license": "MIT",
      "engines": {
        "node": ">=12"
      },
      "funding": {
        "url": "https://github.com/chalk/ansi-regex?sponsor=1"
      }
    },
    "node_modules/log-update/node_modules/wrap-ansi": {
      "version": "9.0.0",
      "dev": true,
      "license": "MIT",
      "dependencies": {
        "ansi-styles": "^6.2.1",
        "string-width": "^7.0.0",
        "strip-ansi": "^7.1.0"
      },
      "engines": {
        "node": ">=18"
      },
      "funding": {
        "url": "https://github.com/chalk/wrap-ansi?sponsor=1"
      }
    },
    "node_modules/log-update/node_modules/wrap-ansi/node_modules/ansi-styles": {
      "version": "6.2.1",
      "dev": true,
      "license": "MIT",
      "engines": {
        "node": ">=12"
      },
      "funding": {
        "url": "https://github.com/chalk/ansi-styles?sponsor=1"
      }
    },
    "node_modules/log-update/node_modules/wrap-ansi/node_modules/string-width": {
      "version": "7.2.0",
      "dev": true,
      "license": "MIT",
      "dependencies": {
        "emoji-regex": "^10.3.0",
        "get-east-asian-width": "^1.0.0",
        "strip-ansi": "^7.1.0"
      },
      "engines": {
        "node": ">=18"
      },
      "funding": {
        "url": "https://github.com/sponsors/sindresorhus"
      }
    },
    "node_modules/log-update/node_modules/wrap-ansi/node_modules/string-width/node_modules/emoji-regex": {
      "version": "10.4.0",
      "dev": true,
      "license": "MIT"
    },
    "node_modules/micromatch": {
      "version": "4.0.8",
      "dev": true,
      "license": "MIT",
      "dependencies": {
        "braces": "^3.0.3",
        "picomatch": "^2.3.1"
      },
      "engines": {
        "node": ">=8.6"
      }
    },
    "node_modules/mime-db": {
      "version": "1.52.0",
      "dev": true,
      "license": "MIT",
      "engines": {
        "node": ">= 0.6"
      }
    },
    "node_modules/mime-types": {
      "version": "2.1.35",
      "dev": true,
      "license": "MIT",
      "dependencies": {
        "mime-db": "1.52.0"
      },
      "engines": {
        "node": ">= 0.6"
      }
    },
    "node_modules/mimic-function": {
      "version": "5.0.1",
      "dev": true,
      "license": "MIT",
      "engines": {
        "node": ">=18"
      },
      "funding": {
        "url": "https://github.com/sponsors/sindresorhus"
      }
    },
    "node_modules/minimatch": {
      "version": "3.1.2",
      "dev": true,
      "license": "ISC",
      "dependencies": {
        "brace-expansion": "^1.1.7"
      },
      "engines": {
        "node": "*"
      }
    },
    "node_modules/ms": {
      "version": "2.1.3",
      "dev": true,
      "license": "MIT"
    },
    "node_modules/mute-stream": {
      "version": "2.0.0",
      "license": "ISC",
      "engines": {
        "node": "^18.17.0 || >=20.5.0"
      }
    },
    "node_modules/mz": {
      "version": "2.7.0",
      "dev": true,
      "license": "MIT",
      "dependencies": {
        "any-promise": "^1.0.0",
        "object-assign": "^4.0.1",
        "thenify-all": "^1.0.0"
      }
    },
    "node_modules/nano-spawn": {
      "version": "1.0.2",
      "dev": true,
      "license": "MIT",
      "engines": {
        "node": ">=20.17"
      },
      "funding": {
        "url": "https://github.com/sindresorhus/nano-spawn?sponsor=1"
      }
    },
    "node_modules/number-is-nan": {
      "version": "1.0.1",
      "dev": true,
      "license": "MIT",
      "engines": {
        "node": ">=0.10.0"
      }
    },
    "node_modules/oauth-sign": {
      "version": "0.9.0",
      "dev": true,
      "license": "Apache-2.0",
      "engines": {
        "node": "*"
      }
    },
    "node_modules/object-assign": {
      "version": "4.1.1",
      "dev": true,
      "license": "MIT",
      "engines": {
        "node": ">=0.10.0"
      }
    },
    "node_modules/once": {
      "version": "1.4.0",
      "dev": true,
      "license": "ISC",
      "dependencies": {
        "wrappy": "1"
      }
    },
    "node_modules/onetime": {
      "version": "1.1.0",
      "dev": true,
      "license": "MIT",
      "engines": {
        "node": ">=0.10.0"
      }
    },
    "node_modules/os-homedir": {
      "version": "1.0.2",
      "dev": true,
      "license": "MIT",
      "engines": {
        "node": ">=0.10.0"
      }
    },
    "node_modules/path-is-absolute": {
      "version": "1.0.1",
      "dev": true,
      "license": "MIT",
      "engines": {
        "node": ">=0.10.0"
      }
    },
    "node_modules/performance-now": {
      "version": "2.1.0",
      "dev": true,
      "license": "MIT"
    },
    "node_modules/picomatch": {
      "version": "2.3.1",
      "dev": true,
      "license": "MIT",
      "engines": {
        "node": ">=8.6"
      },
      "funding": {
        "url": "https://github.com/sponsors/jonschlinkert"
      }
    },
    "node_modules/pidtree": {
      "version": "0.6.0",
      "dev": true,
      "license": "MIT",
      "bin": {
        "pidtree": "bin/pidtree.js"
      },
      "engines": {
        "node": ">=0.10"
      }
    },
    "node_modules/psl": {
      "version": "1.15.0",
      "dev": true,
      "license": "MIT",
      "dependencies": {
        "punycode": "^2.3.1"
      },
      "funding": {
        "url": "https://github.com/sponsors/lupomontero"
      }
    },
    "node_modules/punycode": {
      "version": "2.3.1",
      "dev": true,
      "license": "MIT",
      "engines": {
        "node": ">=6"
      }
    },
    "node_modules/qs": {
      "version": "6.5.3",
      "dev": true,
      "license": "BSD-3-Clause",
      "engines": {
        "node": ">=0.6"
      }
    },
    "node_modules/readline2": {
      "version": "1.0.1",
      "dev": true,
      "license": "MIT",
      "dependencies": {
        "code-point-at": "^1.0.0",
        "is-fullwidth-code-point": "^1.0.0",
        "mute-stream": "0.0.5"
      }
    },
    "node_modules/readline2/node_modules/is-fullwidth-code-point": {
      "version": "1.0.0",
      "dev": true,
      "license": "MIT",
      "dependencies": {
        "number-is-nan": "^1.0.0"
      },
      "engines": {
        "node": ">=0.10.0"
      }
    },
    "node_modules/readline2/node_modules/mute-stream": {
      "version": "0.0.5",
      "dev": true,
      "license": "ISC"
    },
    "node_modules/regenerator-runtime": {
      "version": "0.9.6",
      "dev": true,
      "license": "MIT"
    },
    "node_modules/request": {
      "version": "2.88.2",
      "dev": true,
      "license": "Apache-2.0",
      "dependencies": {
        "aws-sign2": "~0.7.0",
        "aws4": "^1.8.0",
        "caseless": "~0.12.0",
        "combined-stream": "~1.0.6",
        "extend": "~3.0.2",
        "forever-agent": "~0.6.1",
        "form-data": "~2.3.2",
        "har-validator": "~5.1.3",
        "http-signature": "~1.2.0",
        "is-typedarray": "~1.0.0",
        "isstream": "~0.1.2",
        "json-stringify-safe": "~5.0.1",
        "mime-types": "~2.1.19",
        "oauth-sign": "~0.9.0",
        "performance-now": "^2.1.0",
        "qs": "~6.5.2",
        "safe-buffer": "^5.1.2",
        "tough-cookie": "~2.5.0",
        "tunnel-agent": "^0.6.0",
        "uuid": "^3.3.2"
      },
      "engines": {
        "node": ">= 6"
      }
    },
    "node_modules/request-promise": {
      "version": "3.0.0",
      "dev": true,
      "license": "MIT",
      "dependencies": {
        "bluebird": "^3.3",
        "lodash": "^4.6.1",
        "request": "^2.34"
      },
      "engines": {
        "node": ">=0.10.0"
      }
    },
    "node_modules/restore-cursor": {
      "version": "1.0.1",
      "dev": true,
      "license": "MIT",
      "dependencies": {
        "exit-hook": "^1.0.0",
        "onetime": "^1.0.0"
      },
      "engines": {
        "node": ">=0.10.0"
      }
    },
    "node_modules/rfdc": {
      "version": "1.4.1",
      "dev": true,
      "license": "MIT"
    },
    "node_modules/rimraf": {
      "version": "2.7.1",
      "dev": true,
      "license": "ISC",
      "dependencies": {
        "glob": "^7.1.3"
      },
      "bin": {
        "rimraf": "bin.js"
      }
    },
    "node_modules/run-async": {
      "version": "0.1.0",
      "dev": true,
      "license": "MIT",
      "dependencies": {
        "once": "^1.3.0"
      }
    },
    "node_modules/rx-lite": {
      "version": "3.1.2",
      "dev": true
    },
    "node_modules/safe-buffer": {
      "version": "5.2.1",
      "dev": true,
      "funding": [
        {
          "type": "github",
          "url": "https://github.com/sponsors/feross"
        },
        {
          "type": "patreon",
          "url": "https://www.patreon.com/feross"
        },
        {
          "type": "consulting",
          "url": "https://feross.org/support"
        }
      ],
      "license": "MIT"
    },
    "node_modules/safer-buffer": {
      "version": "2.1.2",
      "dev": true,
      "license": "MIT"
    },
    "node_modules/signal-exit": {
      "version": "4.1.0",
      "license": "ISC",
      "engines": {
        "node": ">=14"
      },
      "funding": {
        "url": "https://github.com/sponsors/isaacs"
      }
    },
    "node_modules/slice-ansi": {
      "version": "5.0.0",
      "dev": true,
      "license": "MIT",
      "dependencies": {
        "ansi-styles": "^6.0.0",
        "is-fullwidth-code-point": "^4.0.0"
      },
      "engines": {
        "node": ">=12"
      },
      "funding": {
        "url": "https://github.com/chalk/slice-ansi?sponsor=1"
      }
    },
    "node_modules/slice-ansi/node_modules/ansi-styles": {
      "version": "6.2.1",
      "dev": true,
      "license": "MIT",
      "engines": {
        "node": ">=12"
      },
      "funding": {
        "url": "https://github.com/chalk/ansi-styles?sponsor=1"
      }
    },
    "node_modules/slice-ansi/node_modules/is-fullwidth-code-point": {
      "version": "4.0.0",
      "dev": true,
      "license": "MIT",
      "engines": {
        "node": ">=12"
      },
      "funding": {
        "url": "https://github.com/sponsors/sindresorhus"
      }
    },
    "node_modules/sshpk": {
      "version": "1.18.0",
      "dev": true,
      "license": "MIT",
      "dependencies": {
        "asn1": "~0.2.3",
        "assert-plus": "^1.0.0",
        "bcrypt-pbkdf": "^1.0.0",
        "dashdash": "^1.12.0",
        "ecc-jsbn": "~0.1.1",
        "getpass": "^0.1.1",
        "jsbn": "~0.1.0",
        "safer-buffer": "^2.0.2",
        "tweetnacl": "~0.14.0"
      },
      "bin": {
        "sshpk-conv": "bin/sshpk-conv",
        "sshpk-sign": "bin/sshpk-sign",
        "sshpk-verify": "bin/sshpk-verify"
      },
      "engines": {
        "node": ">=0.10.0"
      }
    },
    "node_modules/string-argv": {
      "version": "0.3.2",
      "dev": true,
      "license": "MIT",
      "engines": {
        "node": ">=0.6.19"
      }
    },
    "node_modules/string-width": {
      "version": "4.2.3",
      "license": "MIT",
      "dependencies": {
        "emoji-regex": "^8.0.0",
        "is-fullwidth-code-point": "^3.0.0",
        "strip-ansi": "^6.0.1"
      },
      "engines": {
        "node": ">=8"
      }
    },
    "node_modules/string-width/node_modules/strip-ansi": {
      "version": "6.0.1",
      "license": "MIT",
      "dependencies": {
        "ansi-regex": "^5.0.1"
      },
      "engines": {
        "node": ">=8"
      }
    },
    "node_modules/string-width/node_modules/strip-ansi/node_modules/ansi-regex": {
      "version": "5.0.1",
      "license": "MIT",
      "engines": {
        "node": ">=8"
      }
    },
    "node_modules/strip-ansi": {
      "version": "3.0.1",
      "dev": true,
      "license": "MIT",
      "dependencies": {
        "ansi-regex": "^2.0.0"
      },
      "engines": {
        "node": ">=0.10.0"
      }
    },
    "node_modules/supports-color": {
      "version": "2.0.0",
      "dev": true,
      "license": "MIT",
      "engines": {
        "node": ">=0.8.0"
      }
    },
    "node_modules/thenify": {
      "version": "3.3.1",
      "dev": true,
      "license": "MIT",
      "dependencies": {
        "any-promise": "^1.0.0"
      }
    },
    "node_modules/thenify-all": {
      "version": "1.6.0",
      "dev": true,
      "license": "MIT",
      "dependencies": {
        "thenify": ">= 3.1.0 < 4"
      },
      "engines": {
        "node": ">=0.8"
      }
    },
    "node_modules/through": {
      "version": "2.3.8",
      "dev": true,
      "license": "MIT"
    },
    "node_modules/to-regex-range": {
      "version": "5.0.1",
      "dev": true,
      "license": "MIT",
      "dependencies": {
        "is-number": "^7.0.0"
      },
      "engines": {
        "node": ">=8.0"
      }
    },
    "node_modules/tough-cookie": {
      "version": "2.5.0",
      "dev": true,
      "license": "BSD-3-Clause",
      "dependencies": {
        "psl": "^1.1.28",
        "punycode": "^2.1.1"
      },
      "engines": {
        "node": ">=0.8"
      }
    },
    "node_modules/tunnel-agent": {
      "version": "0.6.0",
      "dev": true,
      "license": "Apache-2.0",
      "dependencies": {
        "safe-buffer": "^5.0.1"
      },
      "engines": {
        "node": "*"
      }
    },
    "node_modules/tweetnacl": {
      "version": "0.14.5",
      "dev": true,
      "license": "Unlicense"
    },
    "node_modules/type-fest": {
      "version": "0.21.3",
      "license": "(MIT OR CC0-1.0)",
      "engines": {
        "node": ">=10"
      },
      "funding": {
        "url": "https://github.com/sponsors/sindresorhus"
      }
    },
    "node_modules/typescript": {
      "version": "5.8.3",
      "license": "Apache-2.0",
      "peer": true,
      "bin": {
        "tsc": "bin/tsc",
        "tsserver": "bin/tsserver"
      },
      "engines": {
        "node": ">=14.17"
      }
    },
    "node_modules/undici-types": {
      "version": "6.21.0",
      "devOptional": true,
      "license": "MIT"
    },
    "node_modules/untildify": {
      "version": "3.0.3",
      "dev": true,
      "license": "MIT",
      "engines": {
        "node": ">=4"
      }
    },
    "node_modules/uri-js": {
      "version": "4.4.1",
      "dev": true,
      "license": "BSD-2-Clause",
      "dependencies": {
        "punycode": "^2.1.0"
      }
    },
    "node_modules/user-home": {
      "version": "2.0.0",
      "dev": true,
      "license": "MIT",
      "dependencies": {
        "os-homedir": "^1.0.0"
      },
      "engines": {
        "node": ">=0.10.0"
      }
    },
    "node_modules/uuid": {
      "version": "3.4.0",
      "dev": true,
      "license": "MIT",
      "bin": {
        "uuid": "bin/uuid"
      }
    },
    "node_modules/verror": {
      "version": "1.10.0",
      "dev": true,
      "engines": [
        "node >=0.6.0"
      ],
      "license": "MIT",
      "dependencies": {
        "assert-plus": "^1.0.0",
        "core-util-is": "1.0.2",
        "extsprintf": "^1.2.0"
      }
    },
    "node_modules/wrap-ansi": {
      "version": "6.2.0",
      "license": "MIT",
      "dependencies": {
        "ansi-styles": "^4.0.0",
        "string-width": "^4.1.0",
        "strip-ansi": "^6.0.0"
      },
      "engines": {
        "node": ">=8"
      }
    },
    "node_modules/wrap-ansi/node_modules/ansi-styles": {
      "version": "4.3.0",
      "license": "MIT",
      "dependencies": {
        "color-convert": "^2.0.1"
      },
      "engines": {
        "node": ">=8"
      },
      "funding": {
        "url": "https://github.com/chalk/ansi-styles?sponsor=1"
      }
    },
    "node_modules/wrap-ansi/node_modules/strip-ansi": {
      "version": "6.0.1",
      "license": "MIT",
      "dependencies": {
        "ansi-regex": "^5.0.1"
      },
      "engines": {
        "node": ">=8"
      }
    },
    "node_modules/wrap-ansi/node_modules/strip-ansi/node_modules/ansi-regex": {
      "version": "5.0.1",
      "license": "MIT",
      "engines": {
        "node": ">=8"
      }
    },
    "node_modules/wrappy": {
      "version": "1.0.2",
      "dev": true,
      "license": "ISC"
    },
    "node_modules/yaml": {
      "version": "2.8.0",
      "dev": true,
      "license": "ISC",
      "bin": {
        "yaml": "bin.mjs"
      },
      "engines": {
        "node": ">= 14.6"
      }
    },
    "node_modules/yoctocolors": {
      "version": "2.1.1",
      "license": "MIT",
      "engines": {
        "node": ">=18"
      },
      "funding": {
        "url": "https://github.com/sponsors/sindresorhus"
      }
    },
    "node_modules/yoctocolors-cjs": {
      "version": "2.1.2",
      "license": "MIT",
      "engines": {
        "node": ">=18"
      },
      "funding": {
        "url": "https://github.com/sponsors/sindresorhus"
      }
    }
  }
}
